
Microsoft Visual Studio Solution File, Format Version 12.00
# Visual Studio Version 17
VisualStudioVersion = 17.9.34607.119
MinimumVisualStudioVersion = 10.0.40219.1
Project("{FAE04EC0-301F-11D3-BF4B-00C04F79EFBC}") = "EventDrivenAppsAndExceptionHandling", "EventDrivenAppsAndExceptionHandling.csproj", "{EE47D0EE-F078-417E-ACFE-C1F8A1AE918A}"
EndProject
Global
	GlobalSection(SolutionConfigurationPlatforms) = preSolution
		Debug|Any CPU = Debug|Any CPU
		Release|Any CPU = Release|Any CPU
	EndGlobalSection
	GlobalSection(ProjectConfigurationPlatforms) = postSolution
		{EE47D0EE-F078-417E-ACFE-C1F8A1AE918A}.Debug|Any CPU.ActiveCfg = Debug|Any CPU
		{EE47D0EE-F078-417E-ACFE-C1F8A1AE918A}.Debug|Any CPU.Build.0 = Debug|Any CPU
		{EE47D0EE-F078-417E-ACFE-C1F8A1AE918A}.Debug|Any CPU.Deploy.0 = Debug|Any CPU
		{EE47D0EE-F078-417E-ACFE-C1F8A1AE918A}.Release|Any CPU.ActiveCfg = Release|Any CPU
		{EE47D0EE-F078-417E-ACFE-C1F8A1AE918A}.Release|Any CPU.Build.0 = Release|Any CPU
		{EE47D0EE-F078-417E-ACFE-C1F8A1AE918A}.Release|Any CPU.Deploy.0 = Release|Any CPU
	EndGlobalSection
	GlobalSection(SolutionProperties) = preSolution
		HideSolutionNode = FALSE
	EndGlobalSection
	GlobalSection(ExtensibilityGlobals) = postSolution
		SolutionGuid = {4F5640AF-835C-4FF1-92B8-A6EC722EC4EB}
	EndGlobalSection
EndGlobal
